
Microsoft Visual Studio Solution File, Format Version 12.00
# Visual Studio Version 17
VisualStudioVersion = 17.2.32630.192
MinimumVisualStudioVersion = 10.0.40219.1
Project("{FAE04EC0-301F-11D3-BF4B-00C04F79EFBC}") = "LojaApiWeb", "LojaApiWeb\LojaApiWeb.csproj", "{DD741AE1-2BCC-412C-975E-42B766E5C712}"
EndProject
Project("{FAE04EC0-301F-11D3-BF4B-00C04F79EFBC}") = "LojaApi", "LojaApi\LojaApi.csproj", "{77123780-7B76-473F-94EB-19A836D3AC87}"
EndProject
Project("{2150E333-8FDC-42A3-9474-1A3956D46DE8}") = "Application", "Application", "{EAADEAD0-0250-44AE-BEE5-893F3825DE36}"
EndProject
Project("{2150E333-8FDC-42A3-9474-1A3956D46DE8}") = "Services", "Services", "{801D3260-76EB-4715-8A54-117ADAAEF8BA}"
EndProject
Global
	GlobalSection(SolutionConfigurationPlatforms) = preSolution
		Debug|Any CPU = Debug|Any CPU
		Release|Any CPU = Release|Any CPU
	EndGlobalSection
	GlobalSection(ProjectConfigurationPlatforms) = postSolution
		{DD741AE1-2BCC-412C-975E-42B766E5C712}.Debug|Any CPU.ActiveCfg = Debug|Any CPU
		{DD741AE1-2BCC-412C-975E-42B766E5C712}.Debug|Any CPU.Build.0 = Debug|Any CPU
		{DD741AE1-2BCC-412C-975E-42B766E5C712}.Release|Any CPU.ActiveCfg = Release|Any CPU
		{DD741AE1-2BCC-412C-975E-42B766E5C712}.Release|Any CPU.Build.0 = Release|Any CPU
		{77123780-7B76-473F-94EB-19A836D3AC87}.Debug|Any CPU.ActiveCfg = Debug|Any CPU
		{77123780-7B76-473F-94EB-19A836D3AC87}.Debug|Any CPU.Build.0 = Debug|Any CPU
		{77123780-7B76-473F-94EB-19A836D3AC87}.Release|Any CPU.ActiveCfg = Release|Any CPU
		{77123780-7B76-473F-94EB-19A836D3AC87}.Release|Any CPU.Build.0 = Release|Any CPU
	EndGlobalSection
	GlobalSection(SolutionProperties) = preSolution
		HideSolutionNode = FALSE
	EndGlobalSection
	GlobalSection(NestedProjects) = preSolution
		{DD741AE1-2BCC-412C-975E-42B766E5C712} = {EAADEAD0-0250-44AE-BEE5-893F3825DE36}
		{77123780-7B76-473F-94EB-19A836D3AC87} = {801D3260-76EB-4715-8A54-117ADAAEF8BA}
	EndGlobalSection
	GlobalSection(ExtensibilityGlobals) = postSolution
		SolutionGuid = {0A0870E5-6D6F-4548-B073-8EB3FD366753}
	EndGlobalSection
EndGlobal
